
Microsoft Visual Studio Solution File, Format Version 12.00
# Visual Studio Version 17
VisualStudioVersion = 17.7.34202.233
MinimumVisualStudioVersion = 10.0.40219.1
Project("{FAE04EC0-301F-11D3-BF4B-00C04F79EFBC}") = "HiLoGuessGame", "HiLoGuessGame\HiLoGuessGame.csproj", "{1C700B71-5AB0-4732-8171-316B56E4F2DB}"
EndProject
Global
	GlobalSection(SolutionConfigurationPlatforms) = preSolution
		Debug|Any CPU = Debug|Any CPU
		Release|Any CPU = Release|Any CPU
	EndGlobalSection
	GlobalSection(ProjectConfigurationPlatforms) = postSolution
		{1C700B71-5AB0-4732-8171-316B56E4F2DB}.Debug|Any CPU.ActiveCfg = Debug|Any CPU
		{1C700B71-5AB0-4732-8171-316B56E4F2DB}.Debug|Any CPU.Build.0 = Debug|Any CPU
		{1C700B71-5AB0-4732-8171-316B56E4F2DB}.Release|Any CPU.ActiveCfg = Release|Any CPU
		{1C700B71-5AB0-4732-8171-316B56E4F2DB}.Release|Any CPU.Build.0 = Release|Any CPU
	EndGlobalSection
	GlobalSection(SolutionProperties) = preSolution
		HideSolutionNode = FALSE
	EndGlobalSection
	GlobalSection(ExtensibilityGlobals) = postSolution
		SolutionGuid = {F23FB5A2-F306-43BB-82E0-F7BC860A0E29}
	EndGlobalSection
EndGlobal
